
Microsoft Visual Studio Solution File, Format Version 12.00
# Visual Studio Version 16
VisualStudioVersion = 16.0.29306.81
MinimumVisualStudioVersion = 10.0.40219.1
Project("{FAE04EC0-301F-11D3-BF4B-00C04F79EFBC}") = "DVCS_Website", "DVCS_Website\DVCS_Website.csproj", "{AA2A1C55-90A6-4895-A768-C58A32B4385D}"
EndProject
Global
	GlobalSection(SolutionConfigurationPlatforms) = preSolution
		Debug|Any CPU = Debug|Any CPU
		Release|Any CPU = Release|Any CPU
	EndGlobalSection
	GlobalSection(ProjectConfigurationPlatforms) = postSolution
		{AA2A1C55-90A6-4895-A768-C58A32B4385D}.Debug|Any CPU.ActiveCfg = Debug|Any CPU
		{AA2A1C55-90A6-4895-A768-C58A32B4385D}.Debug|Any CPU.Build.0 = Debug|Any CPU
		{AA2A1C55-90A6-4895-A768-C58A32B4385D}.Release|Any CPU.ActiveCfg = Release|Any CPU
		{AA2A1C55-90A6-4895-A768-C58A32B4385D}.Release|Any CPU.Build.0 = Release|Any CPU
	EndGlobalSection
	GlobalSection(SolutionProperties) = preSolution
		HideSolutionNode = FALSE
	EndGlobalSection
	GlobalSection(ExtensibilityGlobals) = postSolution
		SolutionGuid = {F2E77022-5933-44C5-8A86-408D6ACEBE9F}
	EndGlobalSection
EndGlobal
